
Microsoft Visual Studio Solution File, Format Version 12.00
# Visual Studio Version 16
VisualStudioVersion = 16.0.34601.136
MinimumVisualStudioVersion = 10.0.40219.1
Project("{FAE04EC0-301F-11D3-BF4B-00C04F79EFBC}") = "Assignment 2", "Assignment 2\Assignment 2.csproj", "{400F8867-0ADE-4E72-AFC5-6ED3C2988681}"
EndProject
Global
	GlobalSection(SolutionConfigurationPlatforms) = preSolution
		Debug|Any CPU = Debug|Any CPU
		Release|Any CPU = Release|Any CPU
	EndGlobalSection
	GlobalSection(ProjectConfigurationPlatforms) = postSolution
		{400F8867-0ADE-4E72-AFC5-6ED3C2988681}.Debug|Any CPU.ActiveCfg = Debug|Any CPU
		{400F8867-0ADE-4E72-AFC5-6ED3C2988681}.Debug|Any CPU.Build.0 = Debug|Any CPU
		{400F8867-0ADE-4E72-AFC5-6ED3C2988681}.Release|Any CPU.ActiveCfg = Release|Any CPU
		{400F8867-0ADE-4E72-AFC5-6ED3C2988681}.Release|Any CPU.Build.0 = Release|Any CPU
	EndGlobalSection
	GlobalSection(SolutionProperties) = preSolution
		HideSolutionNode = FALSE
	EndGlobalSection
	GlobalSection(ExtensibilityGlobals) = postSolution
		SolutionGuid = {8E2F4F37-F18F-4B80-858B-CA18D03FCFC4}
	EndGlobalSection
EndGlobal
